# This file is autogenerated, do not edit; changes may be undone by the next 'dep ensure'.


[[projects]]
  digest = "1:5b066ea921611f4a2591ea427efc5a1b15955bf3492c5e99ec90e57e52f9c48f"
  name = "golang.org/x/tools"
  packages = [
    "container/intsets",
    "go/ast/astutil",
    "go/buildutil",
    "go/callgraph",
    "go/gcexportdata",
    "go/internal/cgo",
    "go/internal/gcimporter",
    "go/loader",
    "go/packages",
    "go/pointer",
    "go/ssa",
    "go/ssa/ssautil",
    "go/types/typeutil",
    "godoc",
    "godoc/analysis",
    "godoc/env",
    "godoc/util",
    "godoc/vfs",
    "godoc/vfs/httpfs",
  ]
  pruneopts = "UT"
  revision = "2f84ea8ef8720b418a1414ed610df828e1db1b3b"

[solve-meta]
  analyzer-name = "dep"
  analyzer-version = 1
  input-imports = [
    "golang.org/x/tools/godoc",
    "golang.org/x/tools/godoc/vfs",
  ]
  solver-name = "gps-cdcl"
  solver-version = 1
